// !$*UTF8*$!
{
	archiveVersion = 1;
	classes = {
	};
	objectVersion = 52;
	objects = {

/* Begin PBXBuildFile section */
		542F2BE324612A4100876920 /* JJFloatingActionButton in Frameworks */ = {isa = PBXBuildFile; productRef = 542F2BE224612A4100876920 /* JJFloatingActionButton */; };
		542F2BE524613DD200876920 /* ActionViewController.swift in Sources */ = {isa = PBXBuildFile; fileRef = 542F2BE424613DD200876920 /* ActionViewController.swift */; };
		542F2BE824614A5900876920 /* IQKeyboardManagerSwift in Frameworks */ = {isa = PBXBuildFile; productRef = 542F2BE724614A5900876920 /* IQKeyboardManagerSwift */; };
		542F2BEA2461582C00876920 /* InfoEntityManage.swift in Sources */ = {isa = PBXBuildFile; fileRef = 542F2BE92461582C00876920 /* InfoEntityManage.swift */; };
		542F2BED24615DC100876920 /* InfoViewTableViewCell.swift in Sources */ = {isa = PBXBuildFile; fileRef = 542F2BEB24615DC100876920 /* InfoViewTableViewCell.swift */; };
		542F2BEE24615DC100876920 /* InfoViewTableViewCell.xib in Resources */ = {isa = PBXBuildFile; fileRef = 542F2BEC24615DC100876920 /* InfoViewTableViewCell.xib */; };
		542F2BF02461622900876920 /* InfoClass.swift in Sources */ = {isa = PBXBuildFile; fileRef = 542F2BEF2461622900876920 /* InfoClass.swift */; };
		545A98AE245FE51B0086B93F /* AppDelegate.swift in Sources */ = {isa = PBXBuildFile; fileRef = 545A98AD245FE51B0086B93F /* AppDelegate.swift */; };
		545A98B0245FE51B0086B93F /* SceneDelegate.swift in Sources */ = {isa = PBXBuildFile; fileRef = 545A98AF245FE51B0086B93F /* SceneDelegate.swift */; };
		545A98B8245FE51B0086B93F /* HeartApp.xcdatamodeld in Sources */ = {isa = PBXBuildFile; fileRef = 545A98B6245FE51B0086B93F /* HeartApp.xcdatamodeld */; };
		545A98BA245FE51D0086B93F /* Assets.xcassets in Resources */ = {isa = PBXBuildFile; fileRef = 545A98B9245FE51D0086B93F /* Assets.xcassets */; };
		545A98BD245FE51D0086B93F /* LaunchScreen.storyboard in Resources */ = {isa = PBXBuildFile; fileRef = 545A98BB245FE51D0086B93F /* LaunchScreen.storyboard */; };
		545A98C7245FF6DD0086B93F /* Main.storyboard in Resources */ = {isa = PBXBuildFile; fileRef = 545A98C6245FF6DD0086B93F /* Main.storyboard */; };
		545A98D3246008F50086B93F /* Tab1.swift in Sources */ = {isa = PBXBuildFile; fileRef = 545A98D2246008F50086B93F /* Tab1.swift */; };
/* End PBXBuildFile section */

/* Begin PBXFileReference section */
		542F2BE424613DD200876920 /* ActionViewController.swift */ = {isa = PBXFileReference; lastKnownFileType = sourcecode.swift; path = ActionViewController.swift; sourceTree = "<group>"; };
		542F2BE92461582C00876920 /* InfoEntityManage.swift */ = {isa = PBXFileReference; lastKnownFileType = sourcecode.swift; path = InfoEntityManage.swift; sourceTree = "<group>"; };
		542F2BEB24615DC100876920 /* InfoViewTableViewCell.swift */ = {isa = PBXFileReference; lastKnownFileType = sourcecode.swift; path = InfoViewTableViewCell.swift; sourceTree = "<group>"; };
		542F2BEC24615DC100876920 /* InfoViewTableViewCell.xib */ = {isa = PBXFileReference; lastKnownFileType = file.xib; path = InfoViewTableViewCell.xib; sourceTree = "<group>"; };
		542F2BEF2461622900876920 /* InfoClass.swift */ = {isa = PBXFileReference; lastKnownFileType = sourcecode.swift; path = InfoClass.swift; sourceTree = "<group>"; };
		545A98AA245FE51B0086B93F /* HeartApp.app */ = {isa = PBXFileReference; explicitFileType = wrapper.application; includeInIndex = 0; path = HeartApp.app; sourceTree = BUILT_PRODUCTS_DIR; };
		545A98AD245FE51B0086B93F /* AppDelegate.swift */ = {isa = PBXFileReference; lastKnownFileType = sourcecode.swift; path = AppDelegate.swift; sourceTree = "<group>"; };
		545A98AF245FE51B0086B93F /* SceneDelegate.swift */ = {isa = PBXFileReference; lastKnownFileType = sourcecode.swift; path = SceneDelegate.swift; sourceTree = "<group>"; };
		545A98B7245FE51B0086B93F /* HeartApp.xcdatamodel */ = {isa = PBXFileReference; lastKnownFileType = wrapper.xcdatamodel; path = HeartApp.xcdatamodel; sourceTree = "<group>"; };
		545A98B9245FE51D0086B93F /* Assets.xcassets */ = {isa = PBXFileReference; lastKnownFileType = folder.assetcatalog; path = Assets.xcassets; sourceTree = "<group>"; };
		545A98BC245FE51D0086B93F /* Base */ = {isa = PBXFileReference; lastKnownFileType = file.storyboard; name = Base; path = Base.lproj/LaunchScreen.storyboard; sourceTree = "<group>"; };
		545A98BE245FE51D0086B93F /* Info.plist */ = {isa = PBXFileReference; lastKnownFileType = text.plist.xml; path = Info.plist; sourceTree = "<group>"; };
		545A98C6245FF6DD0086B93F /* Main.storyboard */ = {isa = PBXFileReference; lastKnownFileType = file.storyboard; path = Main.storyboard; sourceTree = "<group>"; };
		545A98D2246008F50086B93F /* Tab1.swift */ = {isa = PBXFileReference; lastKnownFileType = sourcecode.swift; path = Tab1.swift; sourceTree = "<group>"; };
/* End PBXFileReference section */

/* Begin PBXFrameworksBuildPhase section */
		545A98A7245FE51B0086B93F /* Frameworks */ = {
			isa = PBXFrameworksBuildPhase;
			buildActionMask = 2147483647;
			files = (
				542F2BE324612A4100876920 /* JJFloatingActionButton in Frameworks */,
				542F2BE824614A5900876920 /* IQKeyboardManagerSwift in Frameworks */,
			);
			runOnlyForDeploymentPostprocessing = 0;
		};
/* End PBXFrameworksBuildPhase section */

/* Begin PBXGroup section */
		545A98A1245FE51A0086B93F = {
			isa = PBXGroup;
			children = (
				545A98AC245FE51B0086B93F /* HeartApp */,
				545A98AB245FE51B0086B93F /* Products */,
			);
			sourceTree = "<group>";
		};
		545A98AB245FE51B0086B93F /* Products */ = {
			isa = PBXGroup;
			children = (
				545A98AA245FE51B0086B93F /* HeartApp.app */,
			);
			name = Products;
			sourceTree = "<group>";
		};
		545A98AC245FE51B0086B93F /* HeartApp */ = {
			isa = PBXGroup;
			children = (
				545A98AD245FE51B0086B93F /* AppDelegate.swift */,
				542F2BE424613DD200876920 /* ActionViewController.swift */,
				545A98D2246008F50086B93F /* Tab1.swift */,
				545A98AF245FE51B0086B93F /* SceneDelegate.swift */,
				545A98C6245FF6DD0086B93F /* Main.storyboard */,
				545A98B9245FE51D0086B93F /* Assets.xcassets */,
				545A98BB245FE51D0086B93F /* LaunchScreen.storyboard */,
				545A98BE245FE51D0086B93F /* Info.plist */,
				545A98B6245FE51B0086B93F /* HeartApp.xcdatamodeld */,
				542F2BE92461582C00876920 /* InfoEntityManage.swift */,
				542F2BEB24615DC100876920 /* InfoViewTableViewCell.swift */,
				542F2BEC24615DC100876920 /* InfoViewTableViewCell.xib */,
				542F2BEF2461622900876920 /* InfoClass.swift */,
			);
			path = HeartApp;
			sourceTree = "<group>";
		};
/* End PBXGroup section */

/* Begin PBXNativeTarget section */
		545A98A9245FE51B0086B93F /* HeartApp */ = {
			isa = PBXNativeTarget;
			buildConfigurationList = 545A98C1245FE51D0086B93F /* Build configuration list for PBXNativeTarget "HeartApp" */;
			buildPhases = (
				545A98A6245FE51B0086B93F /* Sources */,
				545A98A7245FE51B0086B93F /* Frameworks */,
				545A98A8245FE51B0086B93F /* Resources */,
			);
			buildRules = (
			);
			dependencies = (
			);
			name = HeartApp;
			packageProductDependencies = (
				542F2BE224612A4100876920 /* JJFloatingActionButton */,
				542F2BE724614A5900876920 /* IQKeyboardManagerSwift */,
			);
			productName = HeartApp;
			productReference = 545A98AA245FE51B0086B93F /* HeartApp.app */;
			productType = "com.apple.product-type.application";
		};
/* End PBXNativeTarget section */

/* Begin PBXProject section */
		545A98A2245FE51A0086B93F /* Project object */ = {
			isa = PBXProject;
			attributes = {
				LastSwiftUpdateCheck = 1140;
				LastUpgradeCheck = 1140;
				ORGANIZATIONNAME = "Tareq Rahman Joy";
				TargetAttributes = {
					545A98A9245FE51B0086B93F = {
						CreatedOnToolsVersion = 11.4;
					};
				};
			};
			buildConfigurationList = 545A98A5245FE51A0086B93F /* Build configuration list for PBXProject "HeartApp" */;
			compatibilityVersion = "Xcode 9.3";
			developmentRegion = en;
			hasScannedForEncodings = 0;
			knownRegions = (
				en,
				Base,
			);
			mainGroup = 545A98A1245FE51A0086B93F;
			packageReferences = (
				542F2BE124612A4100876920 /* XCRemoteSwiftPackageReference "JJFloatingActionButton" */,
				542F2BE624614A5900876920 /* XCRemoteSwiftPackageReference "IQKeyboardManager" */,
			);
			productRefGroup = 545A98AB245FE51B0086B93F /* Products */;
			projectDirPath = "";
			projectRoot = "";
			targets = (
				545A98A9245FE51B0086B93F /* HeartApp */,
			);
		};
/* End PBXProject section */

/* Begin PBXResourcesBuildPhase section */
		545A98A8245FE51B0086B93F /* Resources */ = {
			isa = PBXResourcesBuildPhase;
			buildActionMask = 2147483647;
			files = (
				542F2BEE24615DC100876920 /* InfoViewTableViewCell.xib in Resources */,
				545A98C7245FF6DD0086B93F /* Main.storyboard in Resources */,
				545A98BD245FE51D0086B93F /* LaunchScreen.storyboard in Resources */,
				545A98BA245FE51D0086B93F /* Assets.xcassets in Resources */,
			);
			runOnlyForDeploymentPostprocessing = 0;
		};
/* End PBXResourcesBuildPhase section */

/* Begin PBXSourcesBuildPhase section */
		545A98A6245FE51B0086B93F /* Sources */ = {
			isa = PBXSourcesBuildPhase;
			buildActionMask = 2147483647;
			files = (
				542F2BEA2461582C00876920 /* InfoEntityManage.swift in Sources */,
				542F2BF02461622900876920 /* InfoClass.swift in Sources */,
				545A98AE245FE51B0086B93F /* AppDelegate.swift in Sources */,
				545A98B8245FE51B0086B93F /* HeartApp.xcdatamodeld in Sources */,
				542F2BED24615DC100876920 /* InfoViewTableViewCell.swift in Sources */,
				545A98B0245FE51B0086B93F /* SceneDelegate.swift in Sources */,
				545A98D3246008F50086B93F /* Tab1.swift in Sources */,
				542F2BE524613DD200876920 /* ActionViewController.swift in Sources */,
			);
			runOnlyForDeploymentPostprocessing = 0;
		};
/* End PBXSourcesBuildPhase section */

/* Begin PBXVariantGroup section */
		545A98BB245FE51D0086B93F /* LaunchScreen.storyboard */ = {
			isa = PBXVariantGroup;
			children = (
				545A98BC245FE51D0086B93F /* Base */,
			);
			name = LaunchScreen.storyboard;
			sourceTree = "<group>";
		};
/* End PBXVariantGroup section */

/* Begin XCBuildConfiguration section */
		545A98BF245FE51D0086B93F /* Debug */ = {
			isa = XCBuildConfiguration;
			buildSettings = {
				ALWAYS_SEARCH_USER_PATHS = NO;
				CLANG_ANALYZER_NONNULL = YES;
				CLANG_ANALYZER_NUMBER_OBJECT_CONVERSION = YES_AGGRESSIVE;
				CLANG_CXX_LANGUAGE_STANDARD = "gnu++14";
				CLANG_CXX_LIBRARY = "libc++";
				CLANG_ENABLE_MODULES = YES;
				CLANG_ENABLE_OBJC_ARC = YES;
				CLANG_ENABLE_OBJC_WEAK = YES;
				CLANG_WARN_BLOCK_CAPTURE_AUTORELEASING = YES;
				CLANG_WARN_BOOL_CONVERSION = YES;
				CLANG_WARN_COMMA = YES;
				CLANG_WARN_CONSTANT_CONVERSION = YES;
				CLANG_WARN_DEPRECATED_OBJC_IMPLEMENTATIONS = YES;
				CLANG_WARN_DIRECT_OBJC_ISA_USAGE = YES_ERROR;
				CLANG_WARN_DOCUMENTATION_COMMENTS = YES;
				CLANG_WARN_EMPTY_BODY = YES;
				CLANG_WARN_ENUM_CONVERSION = YES;
				CLANG_WARN_INFINITE_RECURSION = YES;
				CLANG_WARN_INT_CONVERSION = YES;
				CLANG_WARN_NON_LITERAL_NULL_CONVERSION = YES;
				CLANG_WARN_OBJC_IMPLICIT_RETAIN_SELF = YES;
				CLANG_WARN_OBJC_LITERAL_CONVERSION = YES;
				CLANG_WARN_OBJC_ROOT_CLASS = YES_ERROR;
				CLANG_WARN_RANGE_LOOP_ANALYSIS = YES;
				CLANG_WARN_STRICT_PROTOTYPES = YES;
				CLANG_WARN_SUSPICIOUS_MOVE = YES;
				CLANG_WARN_UNGUARDED_AVAILABILITY = YES_AGGRESSIVE;
				CLANG_WARN_UNREACHABLE_CODE = YES;
				CLANG_WARN__DUPLICATE_METHOD_MATCH = YES;
				COPY_PHASE_STRIP = NO;
				DEBUG_INFORMATION_FORMAT = dwarf;
				ENABLE_STRICT_OBJC_MSGSEND = YES;
				ENABLE_TESTABILITY = YES;
				GCC_C_LANGUAGE_STANDARD = gnu11;
				GCC_DYNAMIC_NO_PIC = NO;
				GCC_NO_COMMON_BLOCKS = YES;
				GCC_OPTIMIZATION_LEVEL = 0;
				GCC_PREPROCESSOR_DEFINITIONS = (
					"DEBUG=1",
					"$(inherited)",
				);
				GCC_WARN_64_TO_32_BIT_CONVERSION = YES;
				GCC_WARN_ABOUT_RETURN_TYPE = YES_ERROR;
				GCC_WARN_UNDECLARED_SELECTOR = YES;
				GCC_WARN_UNINITIALIZED_AUTOS = YES_AGGRESSIVE;
				GCC_WARN_UNUSED_FUNCTION = YES;
				GCC_WARN_UNUSED_VARIABLE = YES;
				IPHONEOS_DEPLOYMENT_TARGET = 13.4;
				MTL_ENABLE_DEBUG_INFO = INCLUDE_SOURCE;
				MTL_FAST_MATH = YES;
				ONLY_ACTIVE_ARCH = YES;
				SDKROOT = iphoneos;
				SWIFT_ACTIVE_COMPILATION_CONDITIONS = DEBUG;
				SWIFT_OPTIMIZATION_LEVEL = "-Onone";
			};
			name = Debug;
		};
		545A98C0245FE51D0086B93F /* Release */ = {
			isa = XCBuildConfiguration;
			buildSettings = {
				ALWAYS_SEARCH_USER_PATHS = NO;
				CLANG_ANALYZER_NONNULL = YES;
				CLANG_ANALYZER_NUMBER_OBJECT_CONVERSION = YES_AGGRESSIVE;
				CLANG_CXX_LANGUAGE_STANDARD = "gnu++14";
				CLANG_CXX_LIBRARY = "libc++";
				CLANG_ENABLE_MODULES = YES;
				CLANG_ENABLE_OBJC_ARC = YES;
				CLANG_ENABLE_OBJC_WEAK = YES;
				CLANG_WARN_BLOCK_CAPTURE_AUTORELEASING = YES;
				CLANG_WARN_BOOL_CONVERSION = YES;
				CLANG_WARN_COMMA = YES;
				CLANG_WARN_CONSTANT_CONVERSION = YES;
				CLANG_WARN_DEPRECATED_OBJC_IMPLEMENTATIONS = YES;
				CLANG_WARN_DIRECT_OBJC_ISA_USAGE = YES_ERROR;
				CLANG_WARN_DOCUMENTATION_COMMENTS = YES;
				CLANG_WARN_EMPTY_BODY = YES;
				CLANG_WARN_ENUM_CONVERSION = YES;
				CLANG_WARN_INFINITE_RECURSION = YES;
				CLANG_WARN_INT_CONVERSION = YES;
				CLANG_WARN_NON_LITERAL_NULL_CONVERSION = YES;
				CLANG_WARN_OBJC_IMPLICIT_RETAIN_SELF = YES;
				CLANG_WARN_OBJC_LITERAL_CONVERSION = YES;
				CLANG_WARN_OBJC_ROOT_CLASS = YES_ERROR;
				CLANG_WARN_RANGE_LOOP_ANALYSIS = YES;
				CLANG_WARN_STRICT_PROTOTYPES = YES;
				CLANG_WARN_SUSPICIOUS_MOVE = YES;
				CLANG_WARN_UNGUARDED_AVAILABILITY = YES_AGGRESSIVE;
				CLANG_WARN_UNREACHABLE_CODE = YES;
				CLANG_WARN__DUPLICATE_METHOD_MATCH = YES;
				COPY_PHASE_STRIP = NO;
				DEBUG_INFORMATION_FORMAT = "dwarf-with-dsym";
				ENABLE_NS_ASSERTIONS = NO;
				ENABLE_STRICT_OBJC_MSGSEND = YES;
				GCC_C_LANGUAGE_STANDARD = gnu11;
				GCC_NO_COMMON_BLOCKS = YES;
				GCC_WARN_64_TO_32_BIT_CONVERSION = YES;
				GCC_WARN_ABOUT_RETURN_TYPE = YES_ERROR;
				GCC_WARN_UNDECLARED_SELECTOR = YES;
				GCC_WARN_UNINITIALIZED_AUTOS = YES_AGGRESSIVE;
				GCC_WARN_UNUSED_FUNCTION = YES;
				GCC_WARN_UNUSED_VARIABLE = YES;
				IPHONEOS_DEPLOYMENT_TARGET = 13.4;
				MTL_ENABLE_DEBUG_INFO = NO;
				MTL_FAST_MATH = YES;
				SDKROOT = iphoneos;
				SWIFT_COMPILATION_MODE = wholemodule;
				SWIFT_OPTIMIZATION_LEVEL = "-O";
				VALIDATE_PRODUCT = YES;
			};
			name = Release;
		};
		545A98C2245FE51D0086B93F /* Debug */ = {
			isa = XCBuildConfiguration;
			buildSettings = {
				ASSETCATALOG_COMPILER_APPICON_NAME = AppIcon;
				CODE_SIGN_STYLE = Automatic;
				DEVELOPMENT_TEAM = B6BY33MFBY;
				INFOPLIST_FILE = HeartApp/Info.plist;
				LD_RUNPATH_SEARCH_PATHS = (
					"$(inherited)",
					"@executable_path/Frameworks",
				);
				PRODUCT_BUNDLE_IDENTIFIER = qerat.HeartApp;
				PRODUCT_NAME = "$(TARGET_NAME)";
				SWIFT_VERSION = 5.0;
				TARGETED_DEVICE_FAMILY = "1,2";
			};
			name = Debug;
		};
		545A98C3245FE51D0086B93F /* Release */ = {
			isa = XCBuildConfiguration;
			buildSettings = {
				ASSETCATALOG_COMPILER_APPICON_NAME = AppIcon;
				CODE_SIGN_STYLE = Automatic;
				DEVELOPMENT_TEAM = B6BY33MFBY;
				INFOPLIST_FILE = HeartApp/Info.plist;
				LD_RUNPATH_SEARCH_PATHS = (
					"$(inherited)",
					"@executable_path/Frameworks",
				);
				PRODUCT_BUNDLE_IDENTIFIER = qerat.HeartApp;
				PRODUCT_NAME = "$(TARGET_NAME)";
				SWIFT_VERSION = 5.0;
				TARGETED_DEVICE_FAMILY = "1,2";
			};
			name = Release;
		};
/* End XCBuildConfiguration section */

/* Begin XCConfigurationList section */
		545A98A5245FE51A0086B93F /* Build configuration list for PBXProject "HeartApp" */ = {
			isa = XCConfigurationList;
			buildConfigurations = (
				545A98BF245FE51D0086B93F /* Debug */,
				545A98C0245FE51D0086B93F /* Release */,
			);
			defaultConfigurationIsVisible = 0;
			defaultConfigurationName = Release;
		};
		545A98C1245FE51D0086B93F /* Build configuration list for PBXNativeTarget "HeartApp" */ = {
			isa = XCConfigurationList;
			buildConfigurations = (
				545A98C2245FE51D0086B93F /* Debug */,
				545A98C3245FE51D0086B93F /* Release */,
			);
			defaultConfigurationIsVisible = 0;
			defaultConfigurationName = Release;
		};
/* End XCConfigurationList section */

/* Begin XCRemoteSwiftPackageReference section */
		542F2BE124612A4100876920 /* XCRemoteSwiftPackageReference "JJFloatingActionButton" */ = {
			isa = XCRemoteSwiftPackageReference;
			repositoryURL = "https://github.com/jjochen/JJFloatingActionButton.git";
			requirement = {
				kind = upToNextMajorVersion;
				minimumVersion = 2.5.0;
			};
		};
		542F2BE624614A5900876920 /* XCRemoteSwiftPackageReference "IQKeyboardManager" */ = {
			isa = XCRemoteSwiftPackageReference;
			repositoryURL = "https://github.com/hackiftekhar/IQKeyboardManager.git";
			requirement = {
				kind = upToNextMajorVersion;
				minimumVersion = 6.5.5;
			};
		};
/* End XCRemoteSwiftPackageReference section */

/* Begin XCSwiftPackageProductDependency section */
		542F2BE224612A4100876920 /* JJFloatingActionButton */ = {
			isa = XCSwiftPackageProductDependency;
			package = 542F2BE124612A4100876920 /* XCRemoteSwiftPackageReference "JJFloatingActionButton" */;
			productName = JJFloatingActionButton;
		};
		542F2BE724614A5900876920 /* IQKeyboardManagerSwift */ = {
			isa = XCSwiftPackageProductDependency;
			package = 542F2BE624614A5900876920 /* XCRemoteSwiftPackageReference "IQKeyboardManager" */;
			productName = IQKeyboardManagerSwift;
		};
/* End XCSwiftPackageProductDependency section */

/* Begin XCVersionGroup section */
		545A98B6245FE51B0086B93F /* HeartApp.xcdatamodeld */ = {
			isa = XCVersionGroup;
			children = (
				545A98B7245FE51B0086B93F /* HeartApp.xcdatamodel */,
			);
			currentVersion = 545A98B7245FE51B0086B93F /* HeartApp.xcdatamodel */;
			path = HeartApp.xcdatamodeld;
			sourceTree = "<group>";
			versionGroupType = wrapper.xcdatamodel;
		};
/* End XCVersionGroup section */
	};
	rootObject = 545A98A2245FE51A0086B93F /* Project object */;
}
